// !$*UTF8*$!
{
	archiveVersion = 1;
	classes = {
	};
	objectVersion = 46;
	objects = {

/* Begin PBXBuildFile section */
		30B1648B1AD06DBF0056EFE6 /* AppDelegate.swift in Sources */ = {isa = PBXBuildFile; fileRef = 30B1648A1AD06DBF0056EFE6 /* AppDelegate.swift */; };
		30B1648D1AD06DBF0056EFE6 /* Postcard.swift in Sources */ = {isa = PBXBuildFile; fileRef = 30B1648C1AD06DBF0056EFE6 /* Postcard.swift */; };
		30B164901AD06DBF0056EFE6 /* Main.storyboard in Resources */ = {isa = PBXBuildFile; fileRef = 30B1648E1AD06DBF0056EFE6 /* Main.storyboard */; };
		30B164921AD06DBF0056EFE6 /* Images.xcassets in Resources */ = {isa = PBXBuildFile; fileRef = 30B164911AD06DBF0056EFE6 /* Images.xcassets */; };
		30B164951AD06DBF0056EFE6 /* LaunchScreen.xib in Resources */ = {isa = PBXBuildFile; fileRef = 30B164931AD06DBF0056EFE6 /* LaunchScreen.xib */; };
		30B164A11AD06DBF0056EFE6 /* PostcardTests.swift in Sources */ = {isa = PBXBuildFile; fileRef = 30B164A01AD06DBF0056EFE6 /* PostcardTests.swift */; };
		30B164AB1AD078E70056EFE6 /* SagradaFamilia.jpeg in Resources */ = {isa = PBXBuildFile; fileRef = 30B164AA1AD078E70056EFE6 /* SagradaFamilia.jpeg */; };
		30B164AD1AD07D680056EFE6 /* AlbertEinsteinStamp.jpg in Resources */ = {isa = PBXBuildFile; fileRef = 30B164AC1AD07D680056EFE6 /* AlbertEinsteinStamp.jpg */; };
/* End PBXBuildFile section */

/* Begin PBXContainerItemProxy section */
		30B1649B1AD06DBF0056EFE6 /* PBXContainerItemProxy */ = {
			isa = PBXContainerItemProxy;
			containerPortal = 30B1647D1AD06DBF0056EFE6 /* Project object */;
			proxyType = 1;
			remoteGlobalIDString = 30B164841AD06DBF0056EFE6;
			remoteInfo = Postcard;
		};
/* End PBXContainerItemProxy section */

/* Begin PBXFileReference section */
		30B164851AD06DBF0056EFE6 /* Postcard.app */ = {isa = PBXFileReference; explicitFileType = wrapper.application; includeInIndex = 0; path = Postcard.app; sourceTree = BUILT_PRODUCTS_DIR; };
		30B164891AD06DBF0056EFE6 /* Info.plist */ = {isa = PBXFileReference; lastKnownFileType = text.plist.xml; path = Info.plist; sourceTree = "<group>"; };
		30B1648A1AD06DBF0056EFE6 /* AppDelegate.swift */ = {isa = PBXFileReference; lastKnownFileType = sourcecode.swift; path = AppDelegate.swift; sourceTree = "<group>"; };
		30B1648C1AD06DBF0056EFE6 /* Postcard.swift */ = {isa = PBXFileReference; lastKnownFileType = sourcecode.swift; name = Postcard.swift; path = ../Postcard.swift; sourceTree = "<group>"; };
		30B1648F1AD06DBF0056EFE6 /* Base */ = {isa = PBXFileReference; lastKnownFileType = file.storyboard; name = Base; path = Base.lproj/Main.storyboard; sourceTree = "<group>"; };
		30B164911AD06DBF0056EFE6 /* Images.xcassets */ = {isa = PBXFileReference; lastKnownFileType = folder.assetcatalog; path = Images.xcassets; sourceTree = "<group>"; };
		30B164941AD06DBF0056EFE6 /* Base */ = {isa = PBXFileReference; lastKnownFileType = file.xib; name = Base; path = Base.lproj/LaunchScreen.xib; sourceTree = "<group>"; };
		30B1649A1AD06DBF0056EFE6 /* PostcardTests.xctest */ = {isa = PBXFileReference; explicitFileType = wrapper.cfbundle; includeInIndex = 0; path = PostcardTests.xctest; sourceTree = BUILT_PRODUCTS_DIR; };
		30B1649F1AD06DBF0056EFE6 /* Info.plist */ = {isa = PBXFileReference; lastKnownFileType = text.plist.xml; path = Info.plist; sourceTree = "<group>"; };
		30B164A01AD06DBF0056EFE6 /* PostcardTests.swift */ = {isa = PBXFileReference; lastKnownFileType = sourcecode.swift; path = PostcardTests.swift; sourceTree = "<group>"; };
		30B164AA1AD078E70056EFE6 /* SagradaFamilia.jpeg */ = {isa = PBXFileReference; lastKnownFileType = image.jpeg; path = SagradaFamilia.jpeg; sourceTree = "<group>"; };
		30B164AC1AD07D680056EFE6 /* AlbertEinsteinStamp.jpg */ = {isa = PBXFileReference; lastKnownFileType = image.jpeg; path = AlbertEinsteinStamp.jpg; sourceTree = "<group>"; };
/* End PBXFileReference section */

/* Begin PBXFrameworksBuildPhase section */
		30B164821AD06DBF0056EFE6 /* Frameworks */ = {
			isa = PBXFrameworksBuildPhase;
			buildActionMask = 2147483647;
			files = (
			);
			runOnlyForDeploymentPostprocessing = 0;
		};
		30B164971AD06DBF0056EFE6 /* Frameworks */ = {
			isa = PBXFrameworksBuildPhase;
			buildActionMask = 2147483647;
			files = (
			);
			runOnlyForDeploymentPostprocessing = 0;
		};
/* End PBXFrameworksBuildPhase section */

/* Begin PBXGroup section */
		30B1647C1AD06DBF0056EFE6 = {
			isa = PBXGroup;
			children = (
				30B164871AD06DBF0056EFE6 /* Postcard */,
				30B1649D1AD06DBF0056EFE6 /* PostcardTests */,
				30B164861AD06DBF0056EFE6 /* Products */,
			);
			sourceTree = "<group>";
		};
		30B164861AD06DBF0056EFE6 /* Products */ = {
			isa = PBXGroup;
			children = (
				30B164851AD06DBF0056EFE6 /* Postcard.app */,
				30B1649A1AD06DBF0056EFE6 /* PostcardTests.xctest */,
			);
			name = Products;
			sourceTree = "<group>";
		};
		30B164871AD06DBF0056EFE6 /* Postcard */ = {
			isa = PBXGroup;
			children = (
				30B1648A1AD06DBF0056EFE6 /* AppDelegate.swift */,
				30B1648C1AD06DBF0056EFE6 /* Postcard.swift */,
				30B1648E1AD06DBF0056EFE6 /* Main.storyboard */,
				30B164911AD06DBF0056EFE6 /* Images.xcassets */,
				30B164931AD06DBF0056EFE6 /* LaunchScreen.xib */,
				30B164881AD06DBF0056EFE6 /* Supporting Files */,
			);
			path = Postcard;
			sourceTree = "<group>";
		};
		30B164881AD06DBF0056EFE6 /* Supporting Files */ = {
			isa = PBXGroup;
			children = (
				30B164AC1AD07D680056EFE6 /* AlbertEinsteinStamp.jpg */,
				30B164AA1AD078E70056EFE6 /* SagradaFamilia.jpeg */,
				30B164891AD06DBF0056EFE6 /* Info.plist */,
			);
			name = "Supporting Files";
			sourceTree = "<group>";
		};
		30B1649D1AD06DBF0056EFE6 /* PostcardTests */ = {
			isa = PBXGroup;
			children = (
				30B164A01AD06DBF0056EFE6 /* PostcardTests.swift */,
				30B1649E1AD06DBF0056EFE6 /* Supporting Files */,
			);
			path = PostcardTests;
			sourceTree = "<group>";
		};
		30B1649E1AD06DBF0056EFE6 /* Supporting Files */ = {
			isa = PBXGroup;
			children = (
				30B1649F1AD06DBF0056EFE6 /* Info.plist */,
			);
			name = "Supporting Files";
			sourceTree = "<group>";
		};
/* End PBXGroup section */

/* Begin PBXNativeTarget section */
		30B164841AD06DBF0056EFE6 /* Postcard */ = {
			isa = PBXNativeTarget;
			buildConfigurationList = 30B164A41AD06DBF0056EFE6 /* Build configuration list for PBXNativeTarget "Postcard" */;
			buildPhases = (
				30B164811AD06DBF0056EFE6 /* Sources */,
				30B164821AD06DBF0056EFE6 /* Frameworks */,
				30B164831AD06DBF0056EFE6 /* Resources */,
			);
			buildRules = (
			);
			dependencies = (
			);
			name = Postcard;
			productName = Postcard;
			productReference = 30B164851AD06DBF0056EFE6 /* Postcard.app */;
			productType = "com.apple.product-type.application";
		};
		30B164991AD06DBF0056EFE6 /* PostcardTests */ = {
			isa = PBXNativeTarget;
			buildConfigurationList = 30B164A71AD06DBF0056EFE6 /* Build configuration list for PBXNativeTarget "PostcardTests" */;
			buildPhases = (
				30B164961AD06DBF0056EFE6 /* Sources */,
				30B164971AD06DBF0056EFE6 /* Frameworks */,
				30B164981AD06DBF0056EFE6 /* Resources */,
			);
			buildRules = (
			);
			dependencies = (
				30B1649C1AD06DBF0056EFE6 /* PBXTargetDependency */,
			);
			name = PostcardTests;
			productName = PostcardTests;
			productReference = 30B1649A1AD06DBF0056EFE6 /* PostcardTests.xctest */;
			productType = "com.apple.product-type.bundle.unit-test";
		};
/* End PBXNativeTarget section */

/* Begin PBXProject section */
		30B1647D1AD06DBF0056EFE6 /* Project object */ = {
			isa = PBXProject;
			attributes = {
				LastUpgradeCheck = 0620;
				ORGANIZATIONNAME = "juswilvel design";
				TargetAttributes = {
					30B164841AD06DBF0056EFE6 = {
						CreatedOnToolsVersion = 6.2;
					};
					30B164991AD06DBF0056EFE6 = {
						CreatedOnToolsVersion = 6.2;
						TestTargetID = 30B164841AD06DBF0056EFE6;
					};
				};
			};
			buildConfigurationList = 30B164801AD06DBF0056EFE6 /* Build configuration list for PBXProject "Postcard" */;
			compatibilityVersion = "Xcode 3.2";
			developmentRegion = English;
			hasScannedForEncodings = 0;
			knownRegions = (
				en,
				Base,
			);
			mainGroup = 30B1647C1AD06DBF0056EFE6;
			productRefGroup = 30B164861AD06DBF0056EFE6 /* Products */;
			projectDirPath = "";
			projectRoot = "";
			targets = (
				30B164841AD06DBF0056EFE6 /* Postcard */,
				30B164991AD06DBF0056EFE6 /* PostcardTests */,
			);
		};
/* End PBXProject section */

/* Begin PBXResourcesBuildPhase section */
		30B164831AD06DBF0056EFE6 /* Resources */ = {
			isa = PBXResourcesBuildPhase;
			buildActionMask = 2147483647;
			files = (
				30B164901AD06DBF0056EFE6 /* Main.storyboard in Resources */,
				30B164AB1AD078E70056EFE6 /* SagradaFamilia.jpeg in Resources */,
				30B164AD1AD07D680056EFE6 /* AlbertEinsteinStamp.jpg in Resources */,
				30B164951AD06DBF0056EFE6 /* LaunchScreen.xib in Resources */,
				30B164921AD06DBF0056EFE6 /* Images.xcassets in Resources */,
			);
			runOnlyForDeploymentPostprocessing = 0;
		};
		30B164981AD06DBF0056EFE6 /* Resources */ = {
			isa = PBXResourcesBuildPhase;
			buildActionMask = 2147483647;
			files = (
			);
			runOnlyForDeploymentPostprocessing = 0;
		};
/* End PBXResourcesBuildPhase section */

/* Begin PBXSourcesBuildPhase section */
		30B164811AD06DBF0056EFE6 /* Sources */ = {
			isa = PBXSourcesBuildPhase;
			buildActionMask = 2147483647;
			files = (
				30B1648D1AD06DBF0056EFE6 /* Postcard.swift in Sources */,
				30B1648B1AD06DBF0056EFE6 /* AppDelegate.swift in Sources */,
			);
			runOnlyForDeploymentPostprocessing = 0;
		};
		30B164961AD06DBF0056EFE6 /* Sources */ = {
			isa = PBXSourcesBuildPhase;
			buildActionMask = 2147483647;
			files = (
				30B164A11AD06DBF0056EFE6 /* PostcardTests.swift in Sources */,
			);
			runOnlyForDeploymentPostprocessing = 0;
		};
/* End PBXSourcesBuildPhase section */

/* Begin PBXTargetDependency section */
		30B1649C1AD06DBF0056EFE6 /* PBXTargetDependency */ = {
			isa = PBXTargetDependency;
			target = 30B164841AD06DBF0056EFE6 /* Postcard */;
			targetProxy = 30B1649B1AD06DBF0056EFE6 /* PBXContainerItemProxy */;
		};
/* End PBXTargetDependency section */

/* Begin PBXVariantGroup section */
		30B1648E1AD06DBF0056EFE6 /* Main.storyboard */ = {
			isa = PBXVariantGroup;
			children = (
				30B1648F1AD06DBF0056EFE6 /* Base */,
			);
			name = Main.storyboard;
			sourceTree = "<group>";
		};
		30B164931AD06DBF0056EFE6 /* LaunchScreen.xib */ = {
			isa = PBXVariantGroup;
			children = (
				30B164941AD06DBF0056EFE6 /* Base */,
			);
			name = LaunchScreen.xib;
			sourceTree = "<group>";
		};
/* End PBXVariantGroup section */

/* Begin XCBuildConfiguration section */
		30B164A21AD06DBF0056EFE6 /* Debug */ = {
			isa = XCBuildConfiguration;
			buildSettings = {
				ALWAYS_SEARCH_USER_PATHS = NO;
				CLANG_CXX_LANGUAGE_STANDARD = "gnu++0x";
				CLANG_CXX_LIBRARY = "libc++";
				CLANG_ENABLE_MODULES = YES;
				CLANG_ENABLE_OBJC_ARC = YES;
				CLANG_WARN_BOOL_CONVERSION = YES;
				CLANG_WARN_CONSTANT_CONVERSION = YES;
				CLANG_WARN_DIRECT_OBJC_ISA_USAGE = YES_ERROR;
				CLANG_WARN_EMPTY_BODY = YES;
				CLANG_WARN_ENUM_CONVERSION = YES;
				CLANG_WARN_INT_CONVERSION = YES;
				CLANG_WARN_OBJC_ROOT_CLASS = YES_ERROR;
				CLANG_WARN_UNREACHABLE_CODE = YES;
				CLANG_WARN__DUPLICATE_METHOD_MATCH = YES;
				"CODE_SIGN_IDENTITY[sdk=iphoneos*]" = "iPhone Developer";
				COPY_PHASE_STRIP = NO;
				ENABLE_STRICT_OBJC_MSGSEND = YES;
				GCC_C_LANGUAGE_STANDARD = gnu99;
				GCC_DYNAMIC_NO_PIC = NO;
				GCC_OPTIMIZATION_LEVEL = 0;
				GCC_PREPROCESSOR_DEFINITIONS = (
					"DEBUG=1",
					"$(inherited)",
				);
				GCC_SYMBOLS_PRIVATE_EXTERN = NO;
				GCC_WARN_64_TO_32_BIT_CONVERSION = YES;
				GCC_WARN_ABOUT_RETURN_TYPE = YES_ERROR;
				GCC_WARN_UNDECLARED_SELECTOR = YES;
				GCC_WARN_UNINITIALIZED_AUTOS = YES_AGGRESSIVE;
				GCC_WARN_UNUSED_FUNCTION = YES;
				GCC_WARN_UNUSED_VARIABLE = YES;
				IPHONEOS_DEPLOYMENT_TARGET = 8.2;
				MTL_ENABLE_DEBUG_INFO = YES;
				ONLY_ACTIVE_ARCH = YES;
				SDKROOT = iphoneos;
				SWIFT_OPTIMIZATION_LEVEL = "-Onone";
				TARGETED_DEVICE_FAMILY = "1,2";
			};
			name = Debug;
		};
		30B164A31AD06DBF0056EFE6 /* Release */ = {
			isa = XCBuildConfiguration;
			buildSettings = {
				ALWAYS_SEARCH_USER_PATHS = NO;
				CLANG_CXX_LANGUAGE_STANDARD = "gnu++0x";
				CLANG_CXX_LIBRARY = "libc++";
				CLANG_ENABLE_MODULES = YES;
				CLANG_ENABLE_OBJC_ARC = YES;
				CLANG_WARN_BOOL_CONVERSION = YES;
				CLANG_WARN_CONSTANT_CONVERSION = YES;
				CLANG_WARN_DIRECT_OBJC_ISA_USAGE = YES_ERROR;
				CLANG_WARN_EMPTY_BODY = YES;
				CLANG_WARN_ENUM_CONVERSION = YES;
				CLANG_WARN_INT_CONVERSION = YES;
				CLANG_WARN_OBJC_ROOT_CLASS = YES_ERROR;
				CLANG_WARN_UNREACHABLE_CODE = YES;
				CLANG_WARN__DUPLICATE_METHOD_MATCH = YES;
				"CODE_SIGN_IDENTITY[sdk=iphoneos*]" = "iPhone Developer";
				COPY_PHASE_STRIP = NO;
				ENABLE_NS_ASSERTIONS = NO;
				ENABLE_STRICT_OBJC_MSGSEND = YES;
				GCC_C_LANGUAGE_STANDARD = gnu99;
				GCC_WARN_64_TO_32_BIT_CONVERSION = YES;
				GCC_WARN_ABOUT_RETURN_TYPE = YES_ERROR;
				GCC_WARN_UNDECLARED_SELECTOR = YES;
				GCC_WARN_UNINITIALIZED_AUTOS = YES_AGGRESSIVE;
				GCC_WARN_UNUSED_FUNCTION = YES;
				GCC_WARN_UNUSED_VARIABLE = YES;
				IPHONEOS_DEPLOYMENT_TARGET = 8.2;
				MTL_ENABLE_DEBUG_INFO = NO;
				SDKROOT = iphoneos;
				TARGETED_DEVICE_FAMILY = "1,2";
				VALIDATE_PRODUCT = YES;
			};
			name = Release;
		};
		30B164A51AD06DBF0056EFE6 /* Debug */ = {
			isa = XCBuildConfiguration;
			buildSettings = {
				ASSETCATALOG_COMPILER_APPICON_NAME = AppIcon;
				INFOPLIST_FILE = Postcard/Info.plist;
				LD_RUNPATH_SEARCH_PATHS = "$(inherited) @executable_path/Frameworks";
				PRODUCT_NAME = "$(TARGET_NAME)";
			};
			name = Debug;
		};
		30B164A61AD06DBF0056EFE6 /* Release */ = {
			isa = XCBuildConfiguration;
			buildSettings = {
				ASSETCATALOG_COMPILER_APPICON_NAME = AppIcon;
				INFOPLIST_FILE = Postcard/Info.plist;
				LD_RUNPATH_SEARCH_PATHS = "$(inherited) @executable_path/Frameworks";
				PRODUCT_NAME = "$(TARGET_NAME)";
			};
			name = Release;
		};
		30B164A81AD06DBF0056EFE6 /* Debug */ = {
			isa = XCBuildConfiguration;
			buildSettings = {
				BUNDLE_LOADER = "$(TEST_HOST)";
				FRAMEWORK_SEARCH_PATHS = (
					"$(SDKROOT)/Developer/Library/Frameworks",
					"$(inherited)",
				);
				GCC_PREPROCESSOR_DEFINITIONS = (
					"DEBUG=1",
					"$(inherited)",
				);
				INFOPLIST_FILE = PostcardTests/Info.plist;
				LD_RUNPATH_SEARCH_PATHS = "$(inherited) @executable_path/Frameworks @loader_path/Frameworks";
				PRODUCT_NAME = "$(TARGET_NAME)";
				TEST_HOST = "$(BUILT_PRODUCTS_DIR)/Postcard.app/Postcard";
			};
			name = Debug;
		};
		30B164A91AD06DBF0056EFE6 /* Release */ = {
			isa = XCBuildConfiguration;
			buildSettings = {
				BUNDLE_LOADER = "$(TEST_HOST)";
				FRAMEWORK_SEARCH_PATHS = (
					"$(SDKROOT)/Developer/Library/Frameworks",
					"$(inherited)",
				);
				INFOPLIST_FILE = PostcardTests/Info.plist;
				LD_RUNPATH_SEARCH_PATHS = "$(inherited) @executable_path/Frameworks @loader_path/Frameworks";
				PRODUCT_NAME = "$(TARGET_NAME)";
				TEST_HOST = "$(BUILT_PRODUCTS_DIR)/Postcard.app/Postcard";
			};
			name = Release;
		};
/* End XCBuildConfiguration section */

/* Begin XCConfigurationList section */
		30B164801AD06DBF0056EFE6 /* Build configuration list for PBXProject "Postcard" */ = {
			isa = XCConfigurationList;
			buildConfigurations = (
				30B164A21AD06DBF0056EFE6 /* Debug */,
				30B164A31AD06DBF0056EFE6 /* Release */,
			);
			defaultConfigurationIsVisible = 0;
			defaultConfigurationName = Release;
		};
		30B164A41AD06DBF0056EFE6 /* Build configuration list for PBXNativeTarget "Postcard" */ = {
			isa = XCConfigurationList;
			buildConfigurations = (
				30B164A51AD06DBF0056EFE6 /* Debug */,
				30B164A61AD06DBF0056EFE6 /* Release */,
			);
			defaultConfigurationIsVisible = 0;
			defaultConfigurationName = Release;
		};
		30B164A71AD06DBF0056EFE6 /* Build configuration list for PBXNativeTarget "PostcardTests" */ = {
			isa = XCConfigurationList;
			buildConfigurations = (
				30B164A81AD06DBF0056EFE6 /* Debug */,
				30B164A91AD06DBF0056EFE6 /* Release */,
			);
			defaultConfigurationIsVisible = 0;
			defaultConfigurationName = Release;
		};
/* End XCConfigurationList section */
	};
	rootObject = 30B1647D1AD06DBF0056EFE6 /* Project object */;
}
